
Microsoft Visual Studio Solution File, Format Version 12.00
# Visual Studio 15
VisualStudioVersion = 15.0.28307.168
MinimumVisualStudioVersion = 10.0.40219.1
Project("{8BC9CEB8-8B4A-11D0-8D11-00A0C91BC942}") = "comp345w19", "comp345w19.vcxproj", "{5FD09402-3A3B-484E-9936-BE7EF341FAA7}"
EndProject
Global
	GlobalSection(SolutionConfigurationPlatforms) = preSolution
		Debug|x64 = Debug|x64
		Debug|x86 = Debug|x86
		Release|x64 = Release|x64
		Release|x86 = Release|x86
	EndGlobalSection
	GlobalSection(ProjectConfigurationPlatforms) = postSolution
		{5FD09402-3A3B-484E-9936-BE7EF341FAA7}.Debug|x64.ActiveCfg = Debug|x64
		{5FD09402-3A3B-484E-9936-BE7EF341FAA7}.Debug|x64.Build.0 = Debug|x64
		{5FD09402-3A3B-484E-9936-BE7EF341FAA7}.Debug|x86.ActiveCfg = Debug|Win32
		{5FD09402-3A3B-484E-9936-BE7EF341FAA7}.Debug|x86.Build.0 = Debug|Win32
		{5FD09402-3A3B-484E-9936-BE7EF341FAA7}.Release|x64.ActiveCfg = Release|x64
		{5FD09402-3A3B-484E-9936-BE7EF341FAA7}.Release|x64.Build.0 = Release|x64
		{5FD09402-3A3B-484E-9936-BE7EF341FAA7}.Release|x86.ActiveCfg = Release|Win32
		{5FD09402-3A3B-484E-9936-BE7EF341FAA7}.Release|x86.Build.0 = Release|Win32
	EndGlobalSection
	GlobalSection(SolutionProperties) = preSolution
		HideSolutionNode = FALSE
	EndGlobalSection
	GlobalSection(ExtensibilityGlobals) = postSolution
		SolutionGuid = {98C6D615-80EF-4D13-8E86-9B826BE58355}
	EndGlobalSection
EndGlobal
